
Microsoft Visual Studio Solution File, Format Version 12.00
# Visual Studio Version 17
VisualStudioVersion = 17.5.33502.453
MinimumVisualStudioVersion = 10.0.40219.1
Project("{FAE04EC0-301F-11D3-BF4B-00C04F79EFBC}") = "WebApplication4", "WebApplication4.csproj", "{0F318BA2-3ED8-4DC8-9FB9-04974F0E0B82}"
EndProject
Global
	GlobalSection(SolutionConfigurationPlatforms) = preSolution
		Debug|Any CPU = Debug|Any CPU
		Release|Any CPU = Release|Any CPU
	EndGlobalSection
	GlobalSection(ProjectConfigurationPlatforms) = postSolution
		{0F318BA2-3ED8-4DC8-9FB9-04974F0E0B82}.Debug|Any CPU.ActiveCfg = Debug|Any CPU
		{0F318BA2-3ED8-4DC8-9FB9-04974F0E0B82}.Debug|Any CPU.Build.0 = Debug|Any CPU
		{0F318BA2-3ED8-4DC8-9FB9-04974F0E0B82}.Release|Any CPU.ActiveCfg = Release|Any CPU
		{0F318BA2-3ED8-4DC8-9FB9-04974F0E0B82}.Release|Any CPU.Build.0 = Release|Any CPU
	EndGlobalSection
	GlobalSection(SolutionProperties) = preSolution
		HideSolutionNode = FALSE
	EndGlobalSection
	GlobalSection(ExtensibilityGlobals) = postSolution
		SolutionGuid = {3C7448A5-2747-4775-8784-43540C9C2CF1}
	EndGlobalSection
EndGlobal
